// !$*UTF8*$!
{
	archiveVersion = 1;
	classes = {
	};
	objectVersion = 46;
	objects = {

/* Begin PBXBuildFile section */
		75B35E5A1B35831500B15FF6 /* driver.cpp in Sources */ = {isa = PBXBuildFile; fileRef = 75B35E591B35831500B15FF6 /* driver.cpp */; };
		75B35E621B35861E00B15FF6 /* Pixel.cpp in Sources */ = {isa = PBXBuildFile; fileRef = 75B35E611B35861E00B15FF6 /* Pixel.cpp */; };
		75E73A111B36213F0044BBF7 /* ImageProcessor.cpp in Sources */ = {isa = PBXBuildFile; fileRef = 75E73A0F1B36213F0044BBF7 /* ImageProcessor.cpp */; };
/* End PBXBuildFile section */

/* Begin PBXCopyFilesBuildPhase section */
		75B35E541B35831500B15FF6 /* CopyFiles */ = {
			isa = PBXCopyFilesBuildPhase;
			buildActionMask = 2147483647;
			dstPath = /usr/share/man/man1/;
			dstSubfolderSpec = 0;
			files = (
			);
			runOnlyForDeploymentPostprocessing = 1;
		};
/* End PBXCopyFilesBuildPhase section */

/* Begin PBXFileReference section */
		75B35E561B35831500B15FF6 /* ImageEditor */ = {isa = PBXFileReference; explicitFileType = "compiled.mach-o.executable"; includeInIndex = 0; path = ImageEditor; sourceTree = BUILT_PRODUCTS_DIR; };
		75B35E591B35831500B15FF6 /* driver.cpp */ = {isa = PBXFileReference; lastKnownFileType = sourcecode.cpp.cpp; path = driver.cpp; sourceTree = "<group>"; };
		75B35E601B35835800B15FF6 /* Pixel.h */ = {isa = PBXFileReference; fileEncoding = 4; lastKnownFileType = sourcecode.c.h; path = Pixel.h; sourceTree = "<group>"; };
		75B35E611B35861E00B15FF6 /* Pixel.cpp */ = {isa = PBXFileReference; fileEncoding = 4; lastKnownFileType = sourcecode.cpp.cpp; path = Pixel.cpp; sourceTree = "<group>"; };
		75E73A0F1B36213F0044BBF7 /* ImageProcessor.cpp */ = {isa = PBXFileReference; fileEncoding = 4; lastKnownFileType = sourcecode.cpp.cpp; path = ImageProcessor.cpp; sourceTree = "<group>"; };
		75E73A101B36213F0044BBF7 /* ImageProcessor.h */ = {isa = PBXFileReference; fileEncoding = 4; lastKnownFileType = sourcecode.c.h; path = ImageProcessor.h; sourceTree = "<group>"; };
		75E73A141B363CB90044BBF7 /* audio.ppm */ = {isa = PBXFileReference; fileEncoding = 4; lastKnownFileType = text; path = audio.ppm; sourceTree = "<group>"; };
		75E73A151B363CB90044BBF7 /* cs_logo.ppm */ = {isa = PBXFileReference; fileEncoding = 4; lastKnownFileType = text; path = cs_logo.ppm; sourceTree = "<group>"; };
		75E73A161B363CB90044BBF7 /* emboss_audio.ppm */ = {isa = PBXFileReference; fileEncoding = 4; lastKnownFileType = text; path = emboss_audio.ppm; sourceTree = "<group>"; };
		75E73A171B363CB90044BBF7 /* emboss_cs_logo.ppm */ = {isa = PBXFileReference; fileEncoding = 4; lastKnownFileType = text; path = emboss_cs_logo.ppm; sourceTree = "<group>"; };
		75E73A181B363CB90044BBF7 /* emboss_slctemple.ppm */ = {isa = PBXFileReference; fileEncoding = 4; lastKnownFileType = text; path = emboss_slctemple.ppm; sourceTree = "<group>"; };
		75E73A191B363CB90044BBF7 /* grayscale_audio.ppm */ = {isa = PBXFileReference; fileEncoding = 4; lastKnownFileType = text; path = grayscale_audio.ppm; sourceTree = "<group>"; };
		75E73A1A1B363CB90044BBF7 /* grayscale_slctemple.ppm */ = {isa = PBXFileReference; fileEncoding = 4; lastKnownFileType = text; path = grayscale_slctemple.ppm; sourceTree = "<group>"; };
		75E73A1B1B363CB90044BBF7 /* invert_audio.ppm */ = {isa = PBXFileReference; fileEncoding = 4; lastKnownFileType = text; path = invert_audio.ppm; sourceTree = "<group>"; };
		75E73A1C1B363CB90044BBF7 /* invert_slctemple.ppm */ = {isa = PBXFileReference; fileEncoding = 4; lastKnownFileType = text; path = invert_slctemple.ppm; sourceTree = "<group>"; };
		75E73A1D1B363CB90044BBF7 /* motionblur_audio.ppm */ = {isa = PBXFileReference; fileEncoding = 4; lastKnownFileType = text; path = motionblur_audio.ppm; sourceTree = "<group>"; };
		75E73A1E1B363CB90044BBF7 /* motionblur_cs_logo.ppm */ = {isa = PBXFileReference; fileEncoding = 4; lastKnownFileType = text; path = motionblur_cs_logo.ppm; sourceTree = "<group>"; };
		75E73A1F1B363CB90044BBF7 /* motionblur_slctemple.ppm */ = {isa = PBXFileReference; fileEncoding = 4; lastKnownFileType = text; path = motionblur_slctemple.ppm; sourceTree = "<group>"; };
		75E73A201B363CB90044BBF7 /* slctemple.ppm */ = {isa = PBXFileReference; fileEncoding = 4; lastKnownFileType = text; path = slctemple.ppm; sourceTree = "<group>"; };
		75E73A211B36547E0044BBF7 /* .gitignore */ = {isa = PBXFileReference; fileEncoding = 4; lastKnownFileType = text; path = .gitignore; sourceTree = "<group>"; };
/* End PBXFileReference section */

/* Begin PBXFrameworksBuildPhase section */
		75B35E531B35831500B15FF6 /* Frameworks */ = {
			isa = PBXFrameworksBuildPhase;
			buildActionMask = 2147483647;
			files = (
			);
			runOnlyForDeploymentPostprocessing = 0;
		};
/* End PBXFrameworksBuildPhase section */

/* Begin PBXGroup section */
		75B35E4D1B35831400B15FF6 = {
			isa = PBXGroup;
			children = (
				75B35E581B35831500B15FF6 /* ImageEditor */,
				75B35E571B35831500B15FF6 /* Products */,
			);
			sourceTree = "<group>";
		};
		75B35E571B35831500B15FF6 /* Products */ = {
			isa = PBXGroup;
			children = (
				75B35E561B35831500B15FF6 /* ImageEditor */,
			);
			name = Products;
			sourceTree = "<group>";
		};
		75B35E581B35831500B15FF6 /* ImageEditor */ = {
			isa = PBXGroup;
			children = (
				75E73A131B363CB90044BBF7 /* TestFiles */,
				75B35E591B35831500B15FF6 /* driver.cpp */,
				75B35E601B35835800B15FF6 /* Pixel.h */,
				75B35E611B35861E00B15FF6 /* Pixel.cpp */,
				75E73A0F1B36213F0044BBF7 /* ImageProcessor.cpp */,
				75E73A101B36213F0044BBF7 /* ImageProcessor.h */,
				75E73A211B36547E0044BBF7 /* .gitignore */,
			);
			path = ImageEditor;
			sourceTree = "<group>";
		};
		75E73A131B363CB90044BBF7 /* TestFiles */ = {
			isa = PBXGroup;
			children = (
				75E73A141B363CB90044BBF7 /* audio.ppm */,
				75E73A151B363CB90044BBF7 /* cs_logo.ppm */,
				75E73A161B363CB90044BBF7 /* emboss_audio.ppm */,
				75E73A171B363CB90044BBF7 /* emboss_cs_logo.ppm */,
				75E73A181B363CB90044BBF7 /* emboss_slctemple.ppm */,
				75E73A191B363CB90044BBF7 /* grayscale_audio.ppm */,
				75E73A1A1B363CB90044BBF7 /* grayscale_slctemple.ppm */,
				75E73A1B1B363CB90044BBF7 /* invert_audio.ppm */,
				75E73A1C1B363CB90044BBF7 /* invert_slctemple.ppm */,
				75E73A1D1B363CB90044BBF7 /* motionblur_audio.ppm */,
				75E73A1E1B363CB90044BBF7 /* motionblur_cs_logo.ppm */,
				75E73A1F1B363CB90044BBF7 /* motionblur_slctemple.ppm */,
				75E73A201B363CB90044BBF7 /* slctemple.ppm */,
			);
			path = TestFiles;
			sourceTree = "<group>";
		};
/* End PBXGroup section */

/* Begin PBXNativeTarget section */
		75B35E551B35831500B15FF6 /* ImageEditor */ = {
			isa = PBXNativeTarget;
			buildConfigurationList = 75B35E5D1B35831500B15FF6 /* Build configuration list for PBXNativeTarget "ImageEditor" */;
			buildPhases = (
				75B35E521B35831500B15FF6 /* Sources */,
				75B35E531B35831500B15FF6 /* Frameworks */,
				75B35E541B35831500B15FF6 /* CopyFiles */,
			);
			buildRules = (
			);
			dependencies = (
			);
			name = ImageEditor;
			productName = ImageEditor;
			productReference = 75B35E561B35831500B15FF6 /* ImageEditor */;
			productType = "com.apple.product-type.tool";
		};
/* End PBXNativeTarget section */

/* Begin PBXProject section */
		75B35E4E1B35831400B15FF6 /* Project object */ = {
			isa = PBXProject;
			attributes = {
				LastUpgradeCheck = 0630;
				ORGANIZATIONNAME = "Andrei Rybin";
				TargetAttributes = {
					75B35E551B35831500B15FF6 = {
						CreatedOnToolsVersion = 6.3.2;
					};
				};
			};
			buildConfigurationList = 75B35E511B35831400B15FF6 /* Build configuration list for PBXProject "ImageEditor" */;
			compatibilityVersion = "Xcode 3.2";
			developmentRegion = English;
			hasScannedForEncodings = 0;
			knownRegions = (
				en,
			);
			mainGroup = 75B35E4D1B35831400B15FF6;
			productRefGroup = 75B35E571B35831500B15FF6 /* Products */;
			projectDirPath = "";
			projectRoot = "";
			targets = (
				75B35E551B35831500B15FF6 /* ImageEditor */,
			);
		};
/* End PBXProject section */

/* Begin PBXSourcesBuildPhase section */
		75B35E521B35831500B15FF6 /* Sources */ = {
			isa = PBXSourcesBuildPhase;
			buildActionMask = 2147483647;
			files = (
				75E73A111B36213F0044BBF7 /* ImageProcessor.cpp in Sources */,
				75B35E621B35861E00B15FF6 /* Pixel.cpp in Sources */,
				75B35E5A1B35831500B15FF6 /* driver.cpp in Sources */,
			);
			runOnlyForDeploymentPostprocessing = 0;
		};
/* End PBXSourcesBuildPhase section */

/* Begin XCBuildConfiguration section */
		75B35E5B1B35831500B15FF6 /* Debug */ = {
			isa = XCBuildConfiguration;
			buildSettings = {
				ALWAYS_SEARCH_USER_PATHS = NO;
				CLANG_CXX_LANGUAGE_STANDARD = "gnu++0x";
				CLANG_CXX_LIBRARY = "libc++";
				CLANG_ENABLE_MODULES = YES;
				CLANG_ENABLE_OBJC_ARC = YES;
				CLANG_WARN_BOOL_CONVERSION = YES;
				CLANG_WARN_CONSTANT_CONVERSION = YES;
				CLANG_WARN_DIRECT_OBJC_ISA_USAGE = YES_ERROR;
				CLANG_WARN_EMPTY_BODY = YES;
				CLANG_WARN_ENUM_CONVERSION = YES;
				CLANG_WARN_INT_CONVERSION = YES;
				CLANG_WARN_OBJC_ROOT_CLASS = YES_ERROR;
				CLANG_WARN_UNREACHABLE_CODE = YES;
				CLANG_WARN__DUPLICATE_METHOD_MATCH = YES;
				COPY_PHASE_STRIP = NO;
				DEBUG_INFORMATION_FORMAT = dwarf;
				ENABLE_STRICT_OBJC_MSGSEND = YES;
				GCC_C_LANGUAGE_STANDARD = gnu99;
				GCC_DYNAMIC_NO_PIC = NO;
				GCC_NO_COMMON_BLOCKS = YES;
				GCC_OPTIMIZATION_LEVEL = 0;
				GCC_PREPROCESSOR_DEFINITIONS = (
					"DEBUG=1",
					"$(inherited)",
				);
				GCC_SYMBOLS_PRIVATE_EXTERN = NO;
				GCC_WARN_64_TO_32_BIT_CONVERSION = YES;
				GCC_WARN_ABOUT_RETURN_TYPE = YES_ERROR;
				GCC_WARN_UNDECLARED_SELECTOR = YES;
				GCC_WARN_UNINITIALIZED_AUTOS = YES_AGGRESSIVE;
				GCC_WARN_UNUSED_FUNCTION = YES;
				GCC_WARN_UNUSED_VARIABLE = YES;
				MACOSX_DEPLOYMENT_TARGET = 10.10;
				MTL_ENABLE_DEBUG_INFO = YES;
				ONLY_ACTIVE_ARCH = YES;
				SDKROOT = macosx;
			};
			name = Debug;
		};
		75B35E5C1B35831500B15FF6 /* Release */ = {
			isa = XCBuildConfiguration;
			buildSettings = {
				ALWAYS_SEARCH_USER_PATHS = NO;
				CLANG_CXX_LANGUAGE_STANDARD = "gnu++0x";
				CLANG_CXX_LIBRARY = "libc++";
				CLANG_ENABLE_MODULES = YES;
				CLANG_ENABLE_OBJC_ARC = YES;
				CLANG_WARN_BOOL_CONVERSION = YES;
				CLANG_WARN_CONSTANT_CONVERSION = YES;
				CLANG_WARN_DIRECT_OBJC_ISA_USAGE = YES_ERROR;
				CLANG_WARN_EMPTY_BODY = YES;
				CLANG_WARN_ENUM_CONVERSION = YES;
				CLANG_WARN_INT_CONVERSION = YES;
				CLANG_WARN_OBJC_ROOT_CLASS = YES_ERROR;
				CLANG_WARN_UNREACHABLE_CODE = YES;
				CLANG_WARN__DUPLICATE_METHOD_MATCH = YES;
				COPY_PHASE_STRIP = NO;
				DEBUG_INFORMATION_FORMAT = "dwarf-with-dsym";
				ENABLE_NS_ASSERTIONS = NO;
				ENABLE_STRICT_OBJC_MSGSEND = YES;
				GCC_C_LANGUAGE_STANDARD = gnu99;
				GCC_NO_COMMON_BLOCKS = YES;
				GCC_WARN_64_TO_32_BIT_CONVERSION = YES;
				GCC_WARN_ABOUT_RETURN_TYPE = YES_ERROR;
				GCC_WARN_UNDECLARED_SELECTOR = YES;
				GCC_WARN_UNINITIALIZED_AUTOS = YES_AGGRESSIVE;
				GCC_WARN_UNUSED_FUNCTION = YES;
				GCC_WARN_UNUSED_VARIABLE = YES;
				MACOSX_DEPLOYMENT_TARGET = 10.10;
				MTL_ENABLE_DEBUG_INFO = NO;
				SDKROOT = macosx;
			};
			name = Release;
		};
		75B35E5E1B35831500B15FF6 /* Debug */ = {
			isa = XCBuildConfiguration;
			buildSettings = {
				PRODUCT_NAME = "$(TARGET_NAME)";
			};
			name = Debug;
		};
		75B35E5F1B35831500B15FF6 /* Release */ = {
			isa = XCBuildConfiguration;
			buildSettings = {
				PRODUCT_NAME = "$(TARGET_NAME)";
			};
			name = Release;
		};
/* End XCBuildConfiguration section */

/* Begin XCConfigurationList section */
		75B35E511B35831400B15FF6 /* Build configuration list for PBXProject "ImageEditor" */ = {
			isa = XCConfigurationList;
			buildConfigurations = (
				75B35E5B1B35831500B15FF6 /* Debug */,
				75B35E5C1B35831500B15FF6 /* Release */,
			);
			defaultConfigurationIsVisible = 0;
			defaultConfigurationName = Release;
		};
		75B35E5D1B35831500B15FF6 /* Build configuration list for PBXNativeTarget "ImageEditor" */ = {
			isa = XCConfigurationList;
			buildConfigurations = (
				75B35E5E1B35831500B15FF6 /* Debug */,
				75B35E5F1B35831500B15FF6 /* Release */,
			);
			defaultConfigurationIsVisible = 0;
			defaultConfigurationName = Release;
		};
/* End XCConfigurationList section */
	};
	rootObject = 75B35E4E1B35831400B15FF6 /* Project object */;
}
